
Microsoft Visual Studio Solution File, Format Version 12.00
# Visual Studio 15
Project("{FAE04EC0-301F-11D3-BF4B-00C04F79EFBC}") = "Assembly-CSharp", "Assembly-CSharp.csproj", "{CCFA861B-3FD4-E00F-9A6E-80D2EF2E15FD}"
EndProject
Global
	GlobalSection(SolutionConfigurationPlatforms) = preSolution
		Debug|Any CPU = Debug|Any CPU
		Release|Any CPU = Release|Any CPU
	EndGlobalSection
	GlobalSection(ProjectConfigurationPlatforms) = postSolution
		{CCFA861B-3FD4-E00F-9A6E-80D2EF2E15FD}.Debug|Any CPU.ActiveCfg = Debug|Any CPU
		{CCFA861B-3FD4-E00F-9A6E-80D2EF2E15FD}.Debug|Any CPU.Build.0 = Debug|Any CPU
		{CCFA861B-3FD4-E00F-9A6E-80D2EF2E15FD}.Release|Any CPU.ActiveCfg = Release|Any CPU
		{CCFA861B-3FD4-E00F-9A6E-80D2EF2E15FD}.Release|Any CPU.Build.0 = Release|Any CPU
	EndGlobalSection
	GlobalSection(SolutionProperties) = preSolution
		HideSolutionNode = FALSE
	EndGlobalSection
EndGlobal
